
Microsoft Visual Studio Solution File, Format Version 12.00
# Visual Studio Version 16
VisualStudioVersion = 16.0.29806.167
MinimumVisualStudioVersion = 10.0.40219.1
Project("{2150E333-8FDC-42A3-9474-1A3956D46DE8}") = "BLL", "BLL", "{B24C20F8-BD74-496D-AC42-875D6A9DEA1D}"
EndProject
Project("{2150E333-8FDC-42A3-9474-1A3956D46DE8}") = "DAL", "DAL", "{7FC00C53-2EF3-4CFD-8B4B-D1CE57F527EE}"
EndProject
Project("{9A19103F-16F7-4668-BE54-9A1E7A4F7556}") = "BusinessLogic.Services.Abstractions", "BLL\BusinesLogic.Services.Abstractions\BusinessLogic.Services.Abstractions.csproj", "{4CC0D6F9-7887-47FA-BC08-19CF684F847C}"
EndProject
Project("{9A19103F-16F7-4668-BE54-9A1E7A4F7556}") = "BusinessLogic.Services", "BLL\BusinessLogic.Services\BusinessLogic.Services.csproj", "{A1ACFC89-7E21-4FBC-9003-8C926782A5B4}"
EndProject
Project("{9A19103F-16F7-4668-BE54-9A1E7A4F7556}") = "Dashboard.Console", "Dashboard.Console\Dashboard.Console.csproj", "{FF3BDE84-22DE-4005-85EA-5026189A8FBD}"
EndProject
Project("{FAE04EC0-301F-11D3-BF4B-00C04F79EFBC}") = "DataAccess.Context", "DAL\DataAccessLayer.Context\DataAccess.Context.csproj", "{A545341C-E71B-44EE-B704-B7C6C2E64EFA}"
	ProjectSection(ProjectDependencies) = postProject
		{CE15E8DE-D032-4D01-A1AE-5C107C1C8A75} = {CE15E8DE-D032-4D01-A1AE-5C107C1C8A75}
	EndProjectSection
EndProject
Project("{FAE04EC0-301F-11D3-BF4B-00C04F79EFBC}") = "DataAccess.Repositories", "DAL\DataAccessLayer.Repositories\DataAccess.Repositories.csproj", "{41F94F8B-5E4A-427F-989B-821C737BFAE9}"
EndProject
Project("{FAE04EC0-301F-11D3-BF4B-00C04F79EFBC}") = "DataAccess.Repositories.Abstractions", "DAL\DataAccessLayer.Repositories.Abstractions\DataAccess.Repositories.Abstractions.csproj", "{423A2D56-BF39-4357-BB13-97F8B6603E2C}"
EndProject
Project("{FAE04EC0-301F-11D3-BF4B-00C04F79EFBC}") = "DataAccess.Entities", "DataAccessLayer.Entities\DataAccess.Entities.csproj", "{CE15E8DE-D032-4D01-A1AE-5C107C1C8A75}"
EndProject
Global
	GlobalSection(SolutionConfigurationPlatforms) = preSolution
		Debug|Any CPU = Debug|Any CPU
		Release|Any CPU = Release|Any CPU
	EndGlobalSection
	GlobalSection(ProjectConfigurationPlatforms) = postSolution
		{4CC0D6F9-7887-47FA-BC08-19CF684F847C}.Debug|Any CPU.ActiveCfg = Debug|Any CPU
		{4CC0D6F9-7887-47FA-BC08-19CF684F847C}.Debug|Any CPU.Build.0 = Debug|Any CPU
		{4CC0D6F9-7887-47FA-BC08-19CF684F847C}.Release|Any CPU.ActiveCfg = Release|Any CPU
		{4CC0D6F9-7887-47FA-BC08-19CF684F847C}.Release|Any CPU.Build.0 = Release|Any CPU
		{A1ACFC89-7E21-4FBC-9003-8C926782A5B4}.Debug|Any CPU.ActiveCfg = Debug|Any CPU
		{A1ACFC89-7E21-4FBC-9003-8C926782A5B4}.Debug|Any CPU.Build.0 = Debug|Any CPU
		{A1ACFC89-7E21-4FBC-9003-8C926782A5B4}.Release|Any CPU.ActiveCfg = Release|Any CPU
		{A1ACFC89-7E21-4FBC-9003-8C926782A5B4}.Release|Any CPU.Build.0 = Release|Any CPU
		{FF3BDE84-22DE-4005-85EA-5026189A8FBD}.Debug|Any CPU.ActiveCfg = Debug|Any CPU
		{FF3BDE84-22DE-4005-85EA-5026189A8FBD}.Debug|Any CPU.Build.0 = Debug|Any CPU
		{FF3BDE84-22DE-4005-85EA-5026189A8FBD}.Release|Any CPU.ActiveCfg = Release|Any CPU
		{FF3BDE84-22DE-4005-85EA-5026189A8FBD}.Release|Any CPU.Build.0 = Release|Any CPU
		{A545341C-E71B-44EE-B704-B7C6C2E64EFA}.Debug|Any CPU.ActiveCfg = Debug|Any CPU
		{A545341C-E71B-44EE-B704-B7C6C2E64EFA}.Debug|Any CPU.Build.0 = Debug|Any CPU
		{A545341C-E71B-44EE-B704-B7C6C2E64EFA}.Release|Any CPU.ActiveCfg = Release|Any CPU
		{A545341C-E71B-44EE-B704-B7C6C2E64EFA}.Release|Any CPU.Build.0 = Release|Any CPU
		{41F94F8B-5E4A-427F-989B-821C737BFAE9}.Debug|Any CPU.ActiveCfg = Debug|Any CPU
		{41F94F8B-5E4A-427F-989B-821C737BFAE9}.Debug|Any CPU.Build.0 = Debug|Any CPU
		{41F94F8B-5E4A-427F-989B-821C737BFAE9}.Release|Any CPU.ActiveCfg = Release|Any CPU
		{41F94F8B-5E4A-427F-989B-821C737BFAE9}.Release|Any CPU.Build.0 = Release|Any CPU
		{423A2D56-BF39-4357-BB13-97F8B6603E2C}.Debug|Any CPU.ActiveCfg = Debug|Any CPU
		{423A2D56-BF39-4357-BB13-97F8B6603E2C}.Debug|Any CPU.Build.0 = Debug|Any CPU
		{423A2D56-BF39-4357-BB13-97F8B6603E2C}.Release|Any CPU.ActiveCfg = Release|Any CPU
		{423A2D56-BF39-4357-BB13-97F8B6603E2C}.Release|Any CPU.Build.0 = Release|Any CPU
		{CE15E8DE-D032-4D01-A1AE-5C107C1C8A75}.Debug|Any CPU.ActiveCfg = Debug|Any CPU
		{CE15E8DE-D032-4D01-A1AE-5C107C1C8A75}.Debug|Any CPU.Build.0 = Debug|Any CPU
		{CE15E8DE-D032-4D01-A1AE-5C107C1C8A75}.Release|Any CPU.ActiveCfg = Release|Any CPU
		{CE15E8DE-D032-4D01-A1AE-5C107C1C8A75}.Release|Any CPU.Build.0 = Release|Any CPU
	EndGlobalSection
	GlobalSection(SolutionProperties) = preSolution
		HideSolutionNode = FALSE
	EndGlobalSection
	GlobalSection(NestedProjects) = preSolution
		{4CC0D6F9-7887-47FA-BC08-19CF684F847C} = {B24C20F8-BD74-496D-AC42-875D6A9DEA1D}
		{A1ACFC89-7E21-4FBC-9003-8C926782A5B4} = {B24C20F8-BD74-496D-AC42-875D6A9DEA1D}
		{A545341C-E71B-44EE-B704-B7C6C2E64EFA} = {7FC00C53-2EF3-4CFD-8B4B-D1CE57F527EE}
		{41F94F8B-5E4A-427F-989B-821C737BFAE9} = {7FC00C53-2EF3-4CFD-8B4B-D1CE57F527EE}
		{423A2D56-BF39-4357-BB13-97F8B6603E2C} = {7FC00C53-2EF3-4CFD-8B4B-D1CE57F527EE}
		{CE15E8DE-D032-4D01-A1AE-5C107C1C8A75} = {7FC00C53-2EF3-4CFD-8B4B-D1CE57F527EE}
	EndGlobalSection
	GlobalSection(ExtensibilityGlobals) = postSolution
		SolutionGuid = {DF8F066C-CAD5-4DBD-9A3E-CBD23AD76E1E}
	EndGlobalSection
EndGlobal
